<?xml version="1.0" encoding="utf-8"?>
<Project ToolsVersion="17.0" xmlns="http://schemas.microsoft.com/developer/msbuild/2003">
  <ItemGroup>
    <ClCompile Include="C:\Users\Public\Assimp\Source\assimp\test\unit\CCompilerTest.c">
      <Filter>UnitTests\Compiler</Filter>
    </ClCompile>
    <ClCompile Include="C:\Users\Public\Assimp\Source\assimp\test\unit\Main.cpp">
      <Filter>Source Files</Filter>
    </ClCompile>
    <ClCompile Include="C:\Users\Public\Assimp\Source\assimp\code\Common\Version.cpp">
      <Filter>Source Files</Filter>
    </ClCompile>
    <ClCompile Include="C:\Users\Public\Assimp\Source\assimp\code\Common\Base64.cpp">
      <Filter>Source Files</Filter>
    </ClCompile>
    <ClCompile Include="C:\Users\Public\Assimp\Source\assimp\test\unit\utSimd.cpp">
      <Filter>UnitTests\Common</Filter>
    </ClCompile>
    <ClCompile Include="C:\Users\Public\Assimp\Source\assimp\test\unit\utIOSystem.cpp">
      <Filter>UnitTests\Common</Filter>
    </ClCompile>
    <ClCompile Include="C:\Users\Public\Assimp\Source\assimp\test\unit\utIOStreamBuffer.cpp">
      <Filter>UnitTests\Common</Filter>
    </ClCompile>
    <ClCompile Include="C:\Users\Public\Assimp\Source\assimp\test\unit\utIssues.cpp">
      <Filter>UnitTests\Common</Filter>
    </ClCompile>
    <ClCompile Include="C:\Users\Public\Assimp\Source\assimp\test\unit\utAnim.cpp">
      <Filter>UnitTests\Common</Filter>
    </ClCompile>
    <ClCompile Include="C:\Users\Public\Assimp\Source\assimp\test\unit\AssimpAPITest.cpp">
      <Filter>UnitTests\Common</Filter>
    </ClCompile>
    <ClCompile Include="C:\Users\Public\Assimp\Source\assimp\test\unit\AssimpAPITest_aiMatrix3x3.cpp">
      <Filter>UnitTests\Common</Filter>
    </ClCompile>
    <ClCompile Include="C:\Users\Public\Assimp\Source\assimp\test\unit\AssimpAPITest_aiMatrix4x4.cpp">
      <Filter>UnitTests\Common</Filter>
    </ClCompile>
    <ClCompile Include="C:\Users\Public\Assimp\Source\assimp\test\unit\AssimpAPITest_aiQuaternion.cpp">
      <Filter>UnitTests\Common</Filter>
    </ClCompile>
    <ClCompile Include="C:\Users\Public\Assimp\Source\assimp\test\unit\AssimpAPITest_aiVector2D.cpp">
      <Filter>UnitTests\Common</Filter>
    </ClCompile>
    <ClCompile Include="C:\Users\Public\Assimp\Source\assimp\test\unit\AssimpAPITest_aiVector3D.cpp">
      <Filter>UnitTests\Common</Filter>
    </ClCompile>
    <ClCompile Include="C:\Users\Public\Assimp\Source\assimp\test\unit\MathTest.cpp">
      <Filter>UnitTests\Common</Filter>
    </ClCompile>
    <ClCompile Include="C:\Users\Public\Assimp\Source\assimp\test\unit\utBatchLoader.cpp">
      <Filter>UnitTests\Common</Filter>
    </ClCompile>
    <ClCompile Include="C:\Users\Public\Assimp\Source\assimp\test\unit\utDefaultIOStream.cpp">
      <Filter>UnitTests\Common</Filter>
    </ClCompile>
    <ClCompile Include="C:\Users\Public\Assimp\Source\assimp\test\unit\utFastAtof.cpp">
      <Filter>UnitTests\Common</Filter>
    </ClCompile>
    <ClCompile Include="C:\Users\Public\Assimp\Source\assimp\test\unit\utMetadata.cpp">
      <Filter>UnitTests\Common</Filter>
    </ClCompile>
    <ClCompile Include="C:\Users\Public\Assimp\Source\assimp\test\unit\SceneDiffer.cpp">
      <Filter>UnitTests\Common</Filter>
    </ClCompile>
    <ClCompile Include="C:\Users\Public\Assimp\Source\assimp\test\unit\AbstractImportExportBase.cpp">
      <Filter>UnitTests\Common</Filter>
    </ClCompile>
    <ClCompile Include="C:\Users\Public\Assimp\Source\assimp\test\unit\utTypes.cpp">
      <Filter>UnitTests\Common</Filter>
    </ClCompile>
    <ClCompile Include="C:\Users\Public\Assimp\Source\assimp\test\unit\utVersion.cpp">
      <Filter>UnitTests\Common</Filter>
    </ClCompile>
    <ClCompile Include="C:\Users\Public\Assimp\Source\assimp\test\unit\Common\utParsingUtils.cpp">
      <Filter>UnitTests\Common</Filter>
    </ClCompile>
    <ClCompile Include="C:\Users\Public\Assimp\Source\assimp\test\unit\utProfiler.cpp">
      <Filter>UnitTests\Common</Filter>
    </ClCompile>
    <ClCompile Include="C:\Users\Public\Assimp\Source\assimp\test\unit\utSharedPPData.cpp">
      <Filter>UnitTests\Common</Filter>
    </ClCompile>
    <ClCompile Include="C:\Users\Public\Assimp\Source\assimp\test\unit\utStringUtils.cpp">
      <Filter>UnitTests\Common</Filter>
    </ClCompile>
    <ClCompile Include="C:\Users\Public\Assimp\Source\assimp\test\unit\Common\utMaybe.cpp">
      <Filter>UnitTests\Common</Filter>
    </ClCompile>
    <ClCompile Include="C:\Users\Public\Assimp\Source\assimp\test\unit\Common\utMesh.cpp">
      <Filter>UnitTests\Common</Filter>
    </ClCompile>
    <ClCompile Include="C:\Users\Public\Assimp\Source\assimp\test\unit\Common\utStandardShapes.cpp">
      <Filter>UnitTests\Common</Filter>
    </ClCompile>
    <ClCompile Include="C:\Users\Public\Assimp\Source\assimp\test\unit\Common\uiScene.cpp">
      <Filter>UnitTests\Common</Filter>
    </ClCompile>
    <ClCompile Include="C:\Users\Public\Assimp\Source\assimp\test\unit\Common\utLineSplitter.cpp">
      <Filter>UnitTests\Common</Filter>
    </ClCompile>
    <ClCompile Include="C:\Users\Public\Assimp\Source\assimp\test\unit\Common\utSpatialSort.cpp">
      <Filter>UnitTests\Common</Filter>
    </ClCompile>
    <ClCompile Include="C:\Users\Public\Assimp\Source\assimp\test\unit\Common\utAssertHandler.cpp">
      <Filter>UnitTests\Common</Filter>
    </ClCompile>
    <ClCompile Include="C:\Users\Public\Assimp\Source\assimp\test\unit\Common\utXmlParser.cpp">
      <Filter>UnitTests\Common</Filter>
    </ClCompile>
    <ClCompile Include="C:\Users\Public\Assimp\Source\assimp\test\unit\Common\utBase64.cpp">
      <Filter>UnitTests\Common</Filter>
    </ClCompile>
    <ClCompile Include="C:\Users\Public\Assimp\Source\assimp\test\unit\Common\utHash.cpp">
      <Filter>UnitTests\Common</Filter>
    </ClCompile>
    <ClCompile Include="C:\Users\Public\Assimp\Source\assimp\test\unit\Common\utBaseProcess.cpp">
      <Filter>UnitTests\Common</Filter>
    </ClCompile>
    <ClCompile Include="C:\Users\Public\Assimp\Source\assimp\test\unit\Common\utLogger.cpp">
      <Filter>UnitTests\Common</Filter>
    </ClCompile>
    <ClCompile Include="C:\Users\Public\Assimp\Source\assimp\test\unit\Geometry\utGeometryUtils.cpp">
      <Filter>UnitTests\GeometryTools</Filter>
    </ClCompile>
    <ClCompile Include="C:\Users\Public\Assimp\Source\assimp\test\unit\ImportExport\Assxml\utAssxmlImportExport.cpp">
      <Filter>UnitTests\ImportExport</Filter>
    </ClCompile>
    <ClCompile Include="C:\Users\Public\Assimp\Source\assimp\test\unit\utLWSImportExport.cpp">
      <Filter>UnitTests\ImportExport</Filter>
    </ClCompile>
    <ClCompile Include="C:\Users\Public\Assimp\Source\assimp\test\unit\utLWOImportExport.cpp">
      <Filter>UnitTests\ImportExport</Filter>
    </ClCompile>
    <ClCompile Include="C:\Users\Public\Assimp\Source\assimp\test\unit\utSMDImportExport.cpp">
      <Filter>UnitTests\ImportExport</Filter>
    </ClCompile>
    <ClCompile Include="C:\Users\Public\Assimp\Source\assimp\test\unit\utglTFImportExport.cpp">
      <Filter>UnitTests\ImportExport</Filter>
    </ClCompile>
    <ClCompile Include="C:\Users\Public\Assimp\Source\assimp\test\unit\utglTF2ImportExport.cpp">
      <Filter>UnitTests\ImportExport</Filter>
    </ClCompile>
    <ClCompile Include="C:\Users\Public\Assimp\Source\assimp\test\unit\utHMPImportExport.cpp">
      <Filter>UnitTests\ImportExport</Filter>
    </ClCompile>
    <ClCompile Include="C:\Users\Public\Assimp\Source\assimp\test\unit\utIFCImportExport.cpp">
      <Filter>UnitTests\ImportExport</Filter>
    </ClCompile>
    <ClCompile Include="C:\Users\Public\Assimp\Source\assimp\test\unit\utFBXImporterExporter.cpp">
      <Filter>UnitTests\ImportExport</Filter>
    </ClCompile>
    <ClCompile Include="C:\Users\Public\Assimp\Source\assimp\test\unit\utImporter.cpp">
      <Filter>UnitTests\ImportExport</Filter>
    </ClCompile>
    <ClCompile Include="C:\Users\Public\Assimp\Source\assimp\test\unit\ImportExport\utExporter.cpp">
      <Filter>UnitTests\ImportExport</Filter>
    </ClCompile>
    <ClCompile Include="C:\Users\Public\Assimp\Source\assimp\test\unit\ut3DImportExport.cpp">
      <Filter>UnitTests\ImportExport</Filter>
    </ClCompile>
    <ClCompile Include="C:\Users\Public\Assimp\Source\assimp\test\unit\ut3DSImportExport.cpp">
      <Filter>UnitTests\ImportExport</Filter>
    </ClCompile>
    <ClCompile Include="C:\Users\Public\Assimp\Source\assimp\test\unit\utACImportExport.cpp">
      <Filter>UnitTests\ImportExport</Filter>
    </ClCompile>
    <ClCompile Include="C:\Users\Public\Assimp\Source\assimp\test\unit\utAMFImportExport.cpp">
      <Filter>UnitTests\ImportExport</Filter>
    </ClCompile>
    <ClCompile Include="C:\Users\Public\Assimp\Source\assimp\test\unit\utASEImportExport.cpp">
      <Filter>UnitTests\ImportExport</Filter>
    </ClCompile>
    <ClCompile Include="C:\Users\Public\Assimp\Source\assimp\test\unit\utD3MFImportExport.cpp">
      <Filter>UnitTests\ImportExport</Filter>
    </ClCompile>
    <ClCompile Include="C:\Users\Public\Assimp\Source\assimp\test\unit\utQ3DImportExport.cpp">
      <Filter>UnitTests\ImportExport</Filter>
    </ClCompile>
    <ClCompile Include="C:\Users\Public\Assimp\Source\assimp\test\unit\utSTLImportExport.cpp">
      <Filter>UnitTests\ImportExport</Filter>
    </ClCompile>
    <ClCompile Include="C:\Users\Public\Assimp\Source\assimp\test\unit\utXImporterExporter.cpp">
      <Filter>UnitTests\ImportExport</Filter>
    </ClCompile>
    <ClCompile Include="C:\Users\Public\Assimp\Source\assimp\test\unit\utX3DImportExport.cpp">
      <Filter>UnitTests\ImportExport</Filter>
    </ClCompile>
    <ClCompile Include="C:\Users\Public\Assimp\Source\assimp\test\unit\utDXFImporterExporter.cpp">
      <Filter>UnitTests\ImportExport</Filter>
    </ClCompile>
    <ClCompile Include="C:\Users\Public\Assimp\Source\assimp\test\unit\utPMXImporter.cpp">
      <Filter>UnitTests\ImportExport</Filter>
    </ClCompile>
    <ClCompile Include="C:\Users\Public\Assimp\Source\assimp\test\unit\utPLYImportExport.cpp">
      <Filter>UnitTests\ImportExport</Filter>
    </ClCompile>
    <ClCompile Include="C:\Users\Public\Assimp\Source\assimp\test\unit\utObjImportExport.cpp">
      <Filter>UnitTests\ImportExport</Filter>
    </ClCompile>
    <ClCompile Include="C:\Users\Public\Assimp\Source\assimp\test\unit\utObjTools.cpp">
      <Filter>UnitTests\ImportExport</Filter>
    </ClCompile>
    <ClCompile Include="C:\Users\Public\Assimp\Source\assimp\test\unit\utOpenGEXImportExport.cpp">
      <Filter>UnitTests\ImportExport</Filter>
    </ClCompile>
    <ClCompile Include="C:\Users\Public\Assimp\Source\assimp\test\unit\utSIBImporter.cpp">
      <Filter>UnitTests\ImportExport</Filter>
    </ClCompile>
    <ClCompile Include="C:\Users\Public\Assimp\Source\assimp\test\unit\utBlenderIntermediate.cpp">
      <Filter>UnitTests\ImportExport</Filter>
    </ClCompile>
    <ClCompile Include="C:\Users\Public\Assimp\Source\assimp\test\unit\utBlendImportAreaLight.cpp">
      <Filter>UnitTests\ImportExport</Filter>
    </ClCompile>
    <ClCompile Include="C:\Users\Public\Assimp\Source\assimp\test\unit\utBlenderImportExport.cpp">
      <Filter>UnitTests\ImportExport</Filter>
    </ClCompile>
    <ClCompile Include="C:\Users\Public\Assimp\Source\assimp\test\unit\utBlendImportMaterials.cpp">
      <Filter>UnitTests\ImportExport</Filter>
    </ClCompile>
    <ClCompile Include="C:\Users\Public\Assimp\Source\assimp\test\unit\utBlenderWork.cpp">
      <Filter>UnitTests\ImportExport</Filter>
    </ClCompile>
    <ClCompile Include="C:\Users\Public\Assimp\Source\assimp\test\unit\utBVHImportExport.cpp">
      <Filter>UnitTests\ImportExport</Filter>
    </ClCompile>
    <ClCompile Include="C:\Users\Public\Assimp\Source\assimp\test\unit\utColladaExport.cpp">
      <Filter>UnitTests\ImportExport</Filter>
    </ClCompile>
    <ClCompile Include="C:\Users\Public\Assimp\Source\assimp\test\unit\utColladaImportExport.cpp">
      <Filter>UnitTests\ImportExport</Filter>
    </ClCompile>
    <ClCompile Include="C:\Users\Public\Assimp\Source\assimp\test\unit\utCSMImportExport.cpp">
      <Filter>UnitTests\ImportExport</Filter>
    </ClCompile>
    <ClCompile Include="C:\Users\Public\Assimp\Source\assimp\test\unit\utB3DImportExport.cpp">
      <Filter>UnitTests\ImportExport</Filter>
    </ClCompile>
    <ClCompile Include="C:\Users\Public\Assimp\Source\assimp\test\unit\utMDCImportExport.cpp">
      <Filter>UnitTests\ImportExport</Filter>
    </ClCompile>
    <ClCompile Include="C:\Users\Public\Assimp\Source\assimp\test\unit\utAssbinImportExport.cpp">
      <Filter>UnitTests\ImportExport</Filter>
    </ClCompile>
    <ClCompile Include="C:\Users\Public\Assimp\Source\assimp\test\unit\ImportExport\utAssjsonImportExport.cpp">
      <Filter>UnitTests\ImportExport</Filter>
    </ClCompile>
    <ClCompile Include="C:\Users\Public\Assimp\Source\assimp\test\unit\ImportExport\utCOBImportExport.cpp">
      <Filter>UnitTests\ImportExport</Filter>
    </ClCompile>
    <ClCompile Include="C:\Users\Public\Assimp\Source\assimp\test\unit\ImportExport\utOgreImportExport.cpp">
      <Filter>UnitTests\ImportExport</Filter>
    </ClCompile>
    <ClCompile Include="C:\Users\Public\Assimp\Source\assimp\test\unit\ImportExport\utQ3BSPFileImportExport.cpp">
      <Filter>UnitTests\ImportExport</Filter>
    </ClCompile>
    <ClCompile Include="C:\Users\Public\Assimp\Source\assimp\test\unit\ImportExport\utOFFImportExport.cpp">
      <Filter>UnitTests\ImportExport</Filter>
    </ClCompile>
    <ClCompile Include="C:\Users\Public\Assimp\Source\assimp\test\unit\ImportExport\utNFFImportExport.cpp">
      <Filter>UnitTests\ImportExport</Filter>
    </ClCompile>
    <ClCompile Include="C:\Users\Public\Assimp\Source\assimp\test\unit\ImportExport\utXGLImportExport.cpp">
      <Filter>UnitTests\ImportExport</Filter>
    </ClCompile>
    <ClCompile Include="C:\Users\Public\Assimp\Source\assimp\test\unit\ImportExport\utMD2Importer.cpp">
      <Filter>UnitTests\ImportExport</Filter>
    </ClCompile>
    <ClCompile Include="C:\Users\Public\Assimp\Source\assimp\test\unit\ImportExport\utMD5Importer.cpp">
      <Filter>UnitTests\ImportExport</Filter>
    </ClCompile>
    <ClCompile Include="C:\Users\Public\Assimp\Source\assimp\test\unit\ImportExport\utMDLImporter.cpp">
      <Filter>UnitTests\ImportExport</Filter>
    </ClCompile>
    <ClCompile Include="C:\Users\Public\Assimp\Source\assimp\test\unit\ImportExport\MDL\utMDLImporter_HL1_ImportSettings.cpp">
      <Filter>UnitTests\ImportExport</Filter>
    </ClCompile>
    <ClCompile Include="C:\Users\Public\Assimp\Source\assimp\test\unit\ImportExport\MDL\utMDLImporter_HL1_Materials.cpp">
      <Filter>UnitTests\ImportExport</Filter>
    </ClCompile>
    <ClCompile Include="C:\Users\Public\Assimp\Source\assimp\test\unit\ImportExport\MDL\utMDLImporter_HL1_Nodes.cpp">
      <Filter>UnitTests\ImportExport</Filter>
    </ClCompile>
    <ClCompile Include="C:\Users\Public\Assimp\Source\assimp\test\unit\ImportExport\RAW\utRAWImportExport.cpp">
      <Filter>UnitTests\ImportExport</Filter>
    </ClCompile>
    <ClCompile Include="C:\Users\Public\Assimp\Source\assimp\test\unit\ImportExport\Terragen\utTerragenImportExport.cpp">
      <Filter>UnitTests\ImportExport</Filter>
    </ClCompile>
    <ClCompile Include="C:\Users\Public\Assimp\Source\assimp\test\unit\ImportExport\Pbrt\utPbrtImportExport.cpp">
      <Filter>UnitTests\ImportExport</Filter>
    </ClCompile>
    <ClCompile Include="C:\Users\Public\Assimp\Source\assimp\test\unit\utMaterialSystem.cpp">
      <Filter>UnitTests\Material</Filter>
    </ClCompile>
    <ClCompile Include="C:\Users\Public\Assimp\Source\assimp\test\unit\utMatrix3x3.cpp">
      <Filter>UnitTests\Math</Filter>
    </ClCompile>
    <ClCompile Include="C:\Users\Public\Assimp\Source\assimp\test\unit\utMatrix4x4.cpp">
      <Filter>UnitTests\Math</Filter>
    </ClCompile>
    <ClCompile Include="C:\Users\Public\Assimp\Source\assimp\test\unit\utVector3.cpp">
      <Filter>UnitTests\Math</Filter>
    </ClCompile>
    <ClCompile Include="C:\Users\Public\Assimp\Source\assimp\test\unit\utImproveCacheLocality.cpp">
      <Filter>UnitTests\PostProcess</Filter>
    </ClCompile>
    <ClCompile Include="C:\Users\Public\Assimp\Source\assimp\test\unit\utFixInfacingNormals.cpp">
      <Filter>UnitTests\PostProcess</Filter>
    </ClCompile>
    <ClCompile Include="C:\Users\Public\Assimp\Source\assimp\test\unit\utGenNormals.cpp">
      <Filter>UnitTests\PostProcess</Filter>
    </ClCompile>
    <ClCompile Include="C:\Users\Public\Assimp\Source\assimp\test\unit\utTriangulate.cpp">
      <Filter>UnitTests\PostProcess</Filter>
    </ClCompile>
    <ClCompile Include="C:\Users\Public\Assimp\Source\assimp\test\unit\utTextureTransform.cpp">
      <Filter>UnitTests\PostProcess</Filter>
    </ClCompile>
    <ClCompile Include="C:\Users\Public\Assimp\Source\assimp\test\unit\utRemoveRedundantMaterials.cpp">
      <Filter>UnitTests\PostProcess</Filter>
    </ClCompile>
    <ClCompile Include="C:\Users\Public\Assimp\Source\assimp\test\unit\utRemoveVCProcess.cpp">
      <Filter>UnitTests\PostProcess</Filter>
    </ClCompile>
    <ClCompile Include="C:\Users\Public\Assimp\Source\assimp\test\unit\utScaleProcess.cpp">
      <Filter>UnitTests\PostProcess</Filter>
    </ClCompile>
    <ClCompile Include="C:\Users\Public\Assimp\Source\assimp\test\unit\utArmaturePopulate.cpp">
      <Filter>UnitTests\PostProcess</Filter>
    </ClCompile>
    <ClCompile Include="C:\Users\Public\Assimp\Source\assimp\test\unit\utJoinVertices.cpp">
      <Filter>UnitTests\PostProcess</Filter>
    </ClCompile>
    <ClCompile Include="C:\Users\Public\Assimp\Source\assimp\test\unit\utRemoveComments.cpp">
      <Filter>UnitTests\PostProcess</Filter>
    </ClCompile>
    <ClCompile Include="C:\Users\Public\Assimp\Source\assimp\test\unit\utRemoveComponent.cpp">
      <Filter>UnitTests\PostProcess</Filter>
    </ClCompile>
    <ClCompile Include="C:\Users\Public\Assimp\Source\assimp\test\unit\utVertexTriangleAdjacency.cpp">
      <Filter>UnitTests\PostProcess</Filter>
    </ClCompile>
    <ClCompile Include="C:\Users\Public\Assimp\Source\assimp\test\unit\utSplitLargeMeshes.cpp">
      <Filter>UnitTests\PostProcess</Filter>
    </ClCompile>
    <ClCompile Include="C:\Users\Public\Assimp\Source\assimp\test\unit\utFindDegenerates.cpp">
      <Filter>UnitTests\PostProcess</Filter>
    </ClCompile>
    <ClCompile Include="C:\Users\Public\Assimp\Source\assimp\test\unit\utFindInvalidData.cpp">
      <Filter>UnitTests\PostProcess</Filter>
    </ClCompile>
    <ClCompile Include="C:\Users\Public\Assimp\Source\assimp\test\unit\utLimitBoneWeights.cpp">
      <Filter>UnitTests\PostProcess</Filter>
    </ClCompile>
    <ClCompile Include="C:\Users\Public\Assimp\Source\assimp\test\unit\utPretransformVertices.cpp">
      <Filter>UnitTests\PostProcess</Filter>
    </ClCompile>
    <ClCompile Include="C:\Users\Public\Assimp\Source\assimp\test\unit\utScenePreprocessor.cpp">
      <Filter>UnitTests\PostProcess</Filter>
    </ClCompile>
    <ClCompile Include="C:\Users\Public\Assimp\Source\assimp\test\unit\utTargetAnimation.cpp">
      <Filter>UnitTests\PostProcess</Filter>
    </ClCompile>
    <ClCompile Include="C:\Users\Public\Assimp\Source\assimp\test\unit\utSortByPType.cpp">
      <Filter>UnitTests\PostProcess</Filter>
    </ClCompile>
    <ClCompile Include="C:\Users\Public\Assimp\Source\assimp\test\unit\utSceneCombiner.cpp">
      <Filter>UnitTests\PostProcess</Filter>
    </ClCompile>
    <ClCompile Include="C:\Users\Public\Assimp\Source\assimp\test\unit\utGenBoundingBoxesProcess.cpp">
      <Filter>UnitTests\PostProcess</Filter>
    </ClCompile>
    <ClCompile Include="C:\Users\Public\Assimp\Source\assimp\contrib\googletest\googletest\src\gtest-all.cc">
      <Filter>Source Files</Filter>
    </ClCompile>
  </ItemGroup>
  <ItemGroup>
    <ClInclude Include="C:\Users\Public\Assimp\Source\assimp\test\unit\MathTest.h">
      <Filter>UnitTests\Common</Filter>
    </ClInclude>
    <ClInclude Include="C:\Users\Public\Assimp\Source\assimp\test\unit\RandomNumberGeneration.h">
      <Filter>UnitTests\Common</Filter>
    </ClInclude>
    <ClInclude Include="C:\Users\Public\Assimp\Source\assimp\test\unit\SceneDiffer.h">
      <Filter>UnitTests\Common</Filter>
    </ClInclude>
    <ClInclude Include="C:\Users\Public\Assimp\Source\assimp\test\unit\UTLogStream.h">
      <Filter>UnitTests\Common</Filter>
    </ClInclude>
    <ClInclude Include="C:\Users\Public\Assimp\Source\assimp\test\unit\TestIOSystem.h">
      <Filter>UnitTests\Common</Filter>
    </ClInclude>
    <ClInclude Include="C:\Users\Public\Assimp\Source\assimp\test\unit\TestModelFactory.h">
      <Filter>UnitTests\Common</Filter>
    </ClInclude>
    <ClInclude Include="C:\Users\Public\Assimp\Source\assimp\test\unit\ImportExport\MDL\MDLHL1TestFiles.h">
      <Filter>UnitTests\ImportExport</Filter>
    </ClInclude>
    <ClInclude Include="C:\Users\Public\Assimp\Source\assimp\test\unit\Tools\TestTools.h">
      <Filter>UnitTests\Tools</Filter>
    </ClInclude>
  </ItemGroup>
  <ItemGroup>
    <CustomBuild Include="C:\Users\Public\Assimp\Source\assimp\test\CMakeLists.txt" />
  </ItemGroup>
  <ItemGroup>
    <Filter Include="Source Files">
      <UniqueIdentifier>{363E0962-89B2-3F36-BF9A-4DF41D8D15E0}</UniqueIdentifier>
    </Filter>
    <Filter Include="UnitTests">
      <UniqueIdentifier>{24143325-9819-3AE5-8D6B-3E45BDAFE5A1}</UniqueIdentifier>
    </Filter>
    <Filter Include="UnitTests\Common">
      <UniqueIdentifier>{41EFB68B-7E9D-397E-83CF-B635C94CCADD}</UniqueIdentifier>
    </Filter>
    <Filter Include="UnitTests\Compiler">
      <UniqueIdentifier>{9D4D5BC9-60A7-3E47-823E-77D23ECC65BC}</UniqueIdentifier>
    </Filter>
    <Filter Include="UnitTests\GeometryTools">
      <UniqueIdentifier>{5FB90764-FE4D-3836-B25E-71B0EFB109FC}</UniqueIdentifier>
    </Filter>
    <Filter Include="UnitTests\ImportExport">
      <UniqueIdentifier>{9AC71458-6309-3FF5-8D1B-61C5D2689A71}</UniqueIdentifier>
    </Filter>
    <Filter Include="UnitTests\Material">
      <UniqueIdentifier>{E4DE26F9-53D1-3FA3-AA82-290902F91C42}</UniqueIdentifier>
    </Filter>
    <Filter Include="UnitTests\Math">
      <UniqueIdentifier>{5BF30050-3E6C-3274-94D6-45D297FB2D16}</UniqueIdentifier>
    </Filter>
    <Filter Include="UnitTests\PostProcess">
      <UniqueIdentifier>{6DFA99AE-0ADB-39B6-B398-72A9723E439B}</UniqueIdentifier>
    </Filter>
    <Filter Include="UnitTests\Tools">
      <UniqueIdentifier>{6D5DD8E9-C1EA-382F-B576-E34C73D199E1}</UniqueIdentifier>
    </Filter>
  </ItemGroup>
</Project>
